
Microsoft Visual Studio Solution File, Format Version 12.00
# Visual Studio 15
Project("{FAE04EC0-301F-11D3-BF4B-00C04F79EFBC}") = "Assembly-CSharp-firstpass", "Assembly-CSharp-firstpass.csproj", "{FA5D1E76-620E-5C2E-E037-6ADC0F619A54}"
EndProject
Project("{FAE04EC0-301F-11D3-BF4B-00C04F79EFBC}") = "Assembly-CSharp", "Assembly-CSharp.csproj", "{9F3E1B64-F37D-96B8-59D7-D6310C276B50}"
EndProject
Project("{FAE04EC0-301F-11D3-BF4B-00C04F79EFBC}") = "Assembly-CSharp-Editor-firstpass", "Assembly-CSharp-Editor-firstpass.csproj", "{4459FC20-EA90-7263-5257-A4D887361C36}"
EndProject
Global
	GlobalSection(SolutionConfigurationPlatforms) = preSolution
		Debug|Any CPU = Debug|Any CPU
		Release|Any CPU = Release|Any CPU
	EndGlobalSection
	GlobalSection(ProjectConfigurationPlatforms) = postSolution
		{FA5D1E76-620E-5C2E-E037-6ADC0F619A54}.Debug|Any CPU.ActiveCfg = Debug|Any CPU
		{FA5D1E76-620E-5C2E-E037-6ADC0F619A54}.Debug|Any CPU.Build.0 = Debug|Any CPU
		{FA5D1E76-620E-5C2E-E037-6ADC0F619A54}.Release|Any CPU.ActiveCfg = Release|Any CPU
		{FA5D1E76-620E-5C2E-E037-6ADC0F619A54}.Release|Any CPU.Build.0 = Release|Any CPU
		{9F3E1B64-F37D-96B8-59D7-D6310C276B50}.Debug|Any CPU.ActiveCfg = Debug|Any CPU
		{9F3E1B64-F37D-96B8-59D7-D6310C276B50}.Debug|Any CPU.Build.0 = Debug|Any CPU
		{9F3E1B64-F37D-96B8-59D7-D6310C276B50}.Release|Any CPU.ActiveCfg = Release|Any CPU
		{9F3E1B64-F37D-96B8-59D7-D6310C276B50}.Release|Any CPU.Build.0 = Release|Any CPU
		{4459FC20-EA90-7263-5257-A4D887361C36}.Debug|Any CPU.ActiveCfg = Debug|Any CPU
		{4459FC20-EA90-7263-5257-A4D887361C36}.Debug|Any CPU.Build.0 = Debug|Any CPU
		{4459FC20-EA90-7263-5257-A4D887361C36}.Release|Any CPU.ActiveCfg = Release|Any CPU
		{4459FC20-EA90-7263-5257-A4D887361C36}.Release|Any CPU.Build.0 = Release|Any CPU
	EndGlobalSection
	GlobalSection(SolutionProperties) = preSolution
		HideSolutionNode = FALSE
	EndGlobalSection
EndGlobal
